
Microsoft Visual Studio Solution File, Format Version 12.00
# Visual Studio Version 17
VisualStudioVersion = 17.7.34221.43
MinimumVisualStudioVersion = 10.0.40219.1
Project("{FAE04EC0-301F-11D3-BF4B-00C04F79EFBC}") = "moadel100 danrshjo hamid", "moadel100 danrshjo hamid\moadel100 danrshjo hamid.csproj", "{1313D74E-91BB-4CE0-884F-85E69C33DF02}"
EndProject
Global
	GlobalSection(SolutionConfigurationPlatforms) = preSolution
		Debug|Any CPU = Debug|Any CPU
		Release|Any CPU = Release|Any CPU
	EndGlobalSection
	GlobalSection(ProjectConfigurationPlatforms) = postSolution
		{1313D74E-91BB-4CE0-884F-85E69C33DF02}.Debug|Any CPU.ActiveCfg = Debug|Any CPU
		{1313D74E-91BB-4CE0-884F-85E69C33DF02}.Debug|Any CPU.Build.0 = Debug|Any CPU
		{1313D74E-91BB-4CE0-884F-85E69C33DF02}.Release|Any CPU.ActiveCfg = Release|Any CPU
		{1313D74E-91BB-4CE0-884F-85E69C33DF02}.Release|Any CPU.Build.0 = Release|Any CPU
	EndGlobalSection
	GlobalSection(SolutionProperties) = preSolution
		HideSolutionNode = FALSE
	EndGlobalSection
	GlobalSection(ExtensibilityGlobals) = postSolution
		SolutionGuid = {739E661F-078D-440E-9BEA-9FBE4A231C81}
	EndGlobalSection
EndGlobal
